
Microsoft Visual Studio Solution File, Format Version 12.00
# Visual Studio Version 17
VisualStudioVersion = 17.9.34728.123
MinimumVisualStudioVersion = 10.0.40219.1
Project("{2150E333-8FDC-42A3-9474-1A3956D46DE8}") = "Core", "Core", "{9E27674B-ECC1-46A8-8749-94995F8B6BEE}"
EndProject
Project("{2150E333-8FDC-42A3-9474-1A3956D46DE8}") = "Infrastructures", "Infrastructures", "{B1AD90FC-0553-4FEC-95B1-9138EAFD9DA2}"
EndProject
Project("{2150E333-8FDC-42A3-9474-1A3956D46DE8}") = "Presentations", "Presentations", "{A678932E-32AC-41DF-9578-C82995D5D40D}"
EndProject
Project("{2150E333-8FDC-42A3-9474-1A3956D46DE8}") = "Services", "Services", "{537F45D5-4F9F-47CC-9131-E37B45D33556}"
EndProject
Project("{FAE04EC0-301F-11D3-BF4B-00C04F79EFBC}") = "Draft.Infrastructure", "Infrastructures\Draft.Infrastructure\Draft.Infrastructure.csproj", "{346543DE-CB26-43EC-BB04-4DADD6CB237D}"
EndProject
Project("{9A19103F-16F7-4668-BE54-9A1E7A4F7556}") = "Draft.Models", "Infrastructures\Draft.Models\Draft.Models.csproj", "{05292471-6C9B-4AA4-B8A3-76F686C23566}"
EndProject
Project("{9A19103F-16F7-4668-BE54-9A1E7A4F7556}") = "Draft.Core.Infrastructure", "Core\Draft.Core.Infrastructure\Draft.Core.Infrastructure.csproj", "{7F723303-A5F5-444D-828D-F730E94AAAA1}"
EndProject
Project("{9A19103F-16F7-4668-BE54-9A1E7A4F7556}") = "Draft.Presentations.ApiGateway", "Presentations\Draft.Presentations.ApiGateway\Draft.Presentations.ApiGateway.csproj", "{D9E902FE-42AA-4545-ABBF-F31F6848A8E4}"
EndProject
Project("{FAE04EC0-301F-11D3-BF4B-00C04F79EFBC}") = "Draft.Core.Presentation", "Core\Draft.Core.Presentation\Draft.Core.Presentation.csproj", "{BEF593A8-7DD0-4825-BF16-85A391998084}"
EndProject
Project("{FAE04EC0-301F-11D3-BF4B-00C04F79EFBC}") = "Draft.Services.AuthService", "Services\Draft.Services.AuthService\Draft.Services.AuthService.csproj", "{DF41CF84-4B8A-426F-BC61-EC6403FD138A}"
EndProject
Global
	GlobalSection(SolutionConfigurationPlatforms) = preSolution
		Debug|Any CPU = Debug|Any CPU
		Release|Any CPU = Release|Any CPU
	EndGlobalSection
	GlobalSection(ProjectConfigurationPlatforms) = postSolution
		{346543DE-CB26-43EC-BB04-4DADD6CB237D}.Debug|Any CPU.ActiveCfg = Debug|Any CPU
		{346543DE-CB26-43EC-BB04-4DADD6CB237D}.Debug|Any CPU.Build.0 = Debug|Any CPU
		{346543DE-CB26-43EC-BB04-4DADD6CB237D}.Release|Any CPU.ActiveCfg = Release|Any CPU
		{346543DE-CB26-43EC-BB04-4DADD6CB237D}.Release|Any CPU.Build.0 = Release|Any CPU
		{05292471-6C9B-4AA4-B8A3-76F686C23566}.Debug|Any CPU.ActiveCfg = Debug|Any CPU
		{05292471-6C9B-4AA4-B8A3-76F686C23566}.Debug|Any CPU.Build.0 = Debug|Any CPU
		{05292471-6C9B-4AA4-B8A3-76F686C23566}.Release|Any CPU.ActiveCfg = Release|Any CPU
		{05292471-6C9B-4AA4-B8A3-76F686C23566}.Release|Any CPU.Build.0 = Release|Any CPU
		{7F723303-A5F5-444D-828D-F730E94AAAA1}.Debug|Any CPU.ActiveCfg = Debug|Any CPU
		{7F723303-A5F5-444D-828D-F730E94AAAA1}.Debug|Any CPU.Build.0 = Debug|Any CPU
		{7F723303-A5F5-444D-828D-F730E94AAAA1}.Release|Any CPU.ActiveCfg = Release|Any CPU
		{7F723303-A5F5-444D-828D-F730E94AAAA1}.Release|Any CPU.Build.0 = Release|Any CPU
		{D9E902FE-42AA-4545-ABBF-F31F6848A8E4}.Debug|Any CPU.ActiveCfg = Debug|Any CPU
		{D9E902FE-42AA-4545-ABBF-F31F6848A8E4}.Debug|Any CPU.Build.0 = Debug|Any CPU
		{D9E902FE-42AA-4545-ABBF-F31F6848A8E4}.Release|Any CPU.ActiveCfg = Release|Any CPU
		{D9E902FE-42AA-4545-ABBF-F31F6848A8E4}.Release|Any CPU.Build.0 = Release|Any CPU
		{BEF593A8-7DD0-4825-BF16-85A391998084}.Debug|Any CPU.ActiveCfg = Debug|Any CPU
		{BEF593A8-7DD0-4825-BF16-85A391998084}.Debug|Any CPU.Build.0 = Debug|Any CPU
		{BEF593A8-7DD0-4825-BF16-85A391998084}.Release|Any CPU.ActiveCfg = Release|Any CPU
		{BEF593A8-7DD0-4825-BF16-85A391998084}.Release|Any CPU.Build.0 = Release|Any CPU
		{DF41CF84-4B8A-426F-BC61-EC6403FD138A}.Debug|Any CPU.ActiveCfg = Debug|Any CPU
		{DF41CF84-4B8A-426F-BC61-EC6403FD138A}.Debug|Any CPU.Build.0 = Debug|Any CPU
		{DF41CF84-4B8A-426F-BC61-EC6403FD138A}.Release|Any CPU.ActiveCfg = Release|Any CPU
		{DF41CF84-4B8A-426F-BC61-EC6403FD138A}.Release|Any CPU.Build.0 = Release|Any CPU
	EndGlobalSection
	GlobalSection(SolutionProperties) = preSolution
		HideSolutionNode = FALSE
	EndGlobalSection
	GlobalSection(NestedProjects) = preSolution
		{346543DE-CB26-43EC-BB04-4DADD6CB237D} = {B1AD90FC-0553-4FEC-95B1-9138EAFD9DA2}
		{05292471-6C9B-4AA4-B8A3-76F686C23566} = {B1AD90FC-0553-4FEC-95B1-9138EAFD9DA2}
		{7F723303-A5F5-444D-828D-F730E94AAAA1} = {9E27674B-ECC1-46A8-8749-94995F8B6BEE}
		{D9E902FE-42AA-4545-ABBF-F31F6848A8E4} = {A678932E-32AC-41DF-9578-C82995D5D40D}
		{BEF593A8-7DD0-4825-BF16-85A391998084} = {9E27674B-ECC1-46A8-8749-94995F8B6BEE}
		{DF41CF84-4B8A-426F-BC61-EC6403FD138A} = {537F45D5-4F9F-47CC-9131-E37B45D33556}
	EndGlobalSection
	GlobalSection(ExtensibilityGlobals) = postSolution
		SolutionGuid = {8091205F-B8ED-4B53-8F8F-44F0FE3C02C2}
	EndGlobalSection
EndGlobal
